// !$*UTF8*$!
{
	archiveVersion = 1;
	classes = {
	};
	objectVersion = 77;
	objects = {

/* Begin PBXBuildFile section */
		17446E982D89EB5500F06D44 /* AppDelegate.swift in Sources */ = {isa = PBXBuildFile; fileRef = 17446E972D89EB5500F06D44 /* AppDelegate.swift */; };
		17446E9A2D89EB5500F06D44 /* SceneDelegate.swift in Sources */ = {isa = PBXBuildFile; fileRef = 17446E992D89EB5500F06D44 /* SceneDelegate.swift */; };
		17446E9D2D89EB5500F06D44 /* LaunchScreen.storyboard in Resources */ = {isa = PBXBuildFile; fileRef = 17446E9B2D89EB5500F06D44 /* LaunchScreen.storyboard */; };
		17446EA02D89EB5500F06D44 /* Main.storyboard in Resources */ = {isa = PBXBuildFile; fileRef = 17446E9E2D89EB5500F06D44 /* Main.storyboard */; };
		17446EA92D89EB5500F06D44 /* AppDelegate.swift in Sources */ = {isa = PBXBuildFile; fileRef = 17446EA82D89EB5500F06D44 /* AppDelegate.swift */; };
		17446EAC2D89EB5500F06D44 /* Main.storyboard in Resources */ = {isa = PBXBuildFile; fileRef = 17446EAA2D89EB5500F06D44 /* Main.storyboard */; };
		17446EB42D89EB5500F06D44 /* Metric Imperial Converter Extension.appex in Embed Foundation Extensions */ = {isa = PBXBuildFile; fileRef = 17446EB32D89EB5500F06D44 /* Metric Imperial Converter Extension.appex */; settings = {ATTRIBUTES = (RemoveHeadersOnCopy, ); }; };
		17446EBE2D89EB5500F06D44 /* Metric Imperial Converter Extension.appex in Embed Foundation Extensions */ = {isa = PBXBuildFile; fileRef = 17446EBD2D89EB5500F06D44 /* Metric Imperial Converter Extension.appex */; settings = {ATTRIBUTES = (RemoveHeadersOnCopy, ); }; };
		17446EC42D89EB5500F06D44 /* Main.html in Resources */ = {isa = PBXBuildFile; fileRef = 17446E872D89EB5400F06D44 /* Main.html */; };
		17446EC52D89EB5500F06D44 /* Main.html in Resources */ = {isa = PBXBuildFile; fileRef = 17446E872D89EB5400F06D44 /* Main.html */; };
		17446EC62D89EB5500F06D44 /* Icon.png in Resources */ = {isa = PBXBuildFile; fileRef = 17446E892D89EB5400F06D44 /* Icon.png */; };
		17446EC72D89EB5500F06D44 /* Icon.png in Resources */ = {isa = PBXBuildFile; fileRef = 17446E892D89EB5400F06D44 /* Icon.png */; };
		17446EC82D89EB5500F06D44 /* Style.css in Resources */ = {isa = PBXBuildFile; fileRef = 17446E8A2D89EB5400F06D44 /* Style.css */; };
		17446EC92D89EB5500F06D44 /* Style.css in Resources */ = {isa = PBXBuildFile; fileRef = 17446E8A2D89EB5400F06D44 /* Style.css */; };
		17446ECA2D89EB5500F06D44 /* Script.js in Resources */ = {isa = PBXBuildFile; fileRef = 17446E8B2D89EB5400F06D44 /* Script.js */; };
		17446ECB2D89EB5500F06D44 /* Script.js in Resources */ = {isa = PBXBuildFile; fileRef = 17446E8B2D89EB5400F06D44 /* Script.js */; };
		17446ECC2D89EB5500F06D44 /* ViewController.swift in Sources */ = {isa = PBXBuildFile; fileRef = 17446E8C2D89EB5400F06D44 /* ViewController.swift */; };
		17446ECD2D89EB5500F06D44 /* ViewController.swift in Sources */ = {isa = PBXBuildFile; fileRef = 17446E8C2D89EB5400F06D44 /* ViewController.swift */; };
		17446ECE2D89EB5500F06D44 /* Assets.xcassets in Resources */ = {isa = PBXBuildFile; fileRef = 17446E8D2D89EB5500F06D44 /* Assets.xcassets */; };
		17446ECF2D89EB5500F06D44 /* Assets.xcassets in Resources */ = {isa = PBXBuildFile; fileRef = 17446E8D2D89EB5500F06D44 /* Assets.xcassets */; };
		17446ED02D89EB5500F06D44 /* SafariWebExtensionHandler.swift in Sources */ = {isa = PBXBuildFile; fileRef = 17446E8F2D89EB5500F06D44 /* SafariWebExtensionHandler.swift */; };
		17446ED12D89EB5500F06D44 /* SafariWebExtensionHandler.swift in Sources */ = {isa = PBXBuildFile; fileRef = 17446E8F2D89EB5500F06D44 /* SafariWebExtensionHandler.swift */; };
		17446EE82D89EB5500F06D44 /* regex.txt in Resources */ = {isa = PBXBuildFile; fileRef = 17446EE32D89EB5500F06D44 /* regex.txt */; };
		17446EE92D89EB5500F06D44 /* safari in Resources */ = {isa = PBXBuildFile; fileRef = 17446EE42D89EB5500F06D44 /* safari */; };
		17446EEA2D89EB5500F06D44 /* icons in Resources */ = {isa = PBXBuildFile; fileRef = 17446EE52D89EB5500F06D44 /* icons */; };
		17446EEB2D89EB5500F06D44 /* manifest.json in Resources */ = {isa = PBXBuildFile; fileRef = 17446EE62D89EB5500F06D44 /* manifest.json */; };
		17446EEC2D89EB5500F06D44 /* content.js in Resources */ = {isa = PBXBuildFile; fileRef = 17446EE72D89EB5500F06D44 /* content.js */; };
		17446EED2D89EB5500F06D44 /* regex.txt in Resources */ = {isa = PBXBuildFile; fileRef = 17446EE32D89EB5500F06D44 /* regex.txt */; };
		17446EEE2D89EB5500F06D44 /* safari in Resources */ = {isa = PBXBuildFile; fileRef = 17446EE42D89EB5500F06D44 /* safari */; };
		17446EEF2D89EB5500F06D44 /* icons in Resources */ = {isa = PBXBuildFile; fileRef = 17446EE52D89EB5500F06D44 /* icons */; };
		17446EF02D89EB5500F06D44 /* manifest.json in Resources */ = {isa = PBXBuildFile; fileRef = 17446EE62D89EB5500F06D44 /* manifest.json */; };
		17446EF12D89EB5500F06D44 /* content.js in Resources */ = {isa = PBXBuildFile; fileRef = 17446EE72D89EB5500F06D44 /* content.js */; };
/* End PBXBuildFile section */

/* Begin PBXContainerItemProxy section */
		17446EB52D89EB5500F06D44 /* PBXContainerItemProxy */ = {
			isa = PBXContainerItemProxy;
			containerPortal = 17446E812D89EB5400F06D44 /* Project object */;
			proxyType = 1;
			remoteGlobalIDString = 17446EB22D89EB5500F06D44;
			remoteInfo = "Metric Imperial Converter Extension (iOS)";
		};
		17446EBF2D89EB5500F06D44 /* PBXContainerItemProxy */ = {
			isa = PBXContainerItemProxy;
			containerPortal = 17446E812D89EB5400F06D44 /* Project object */;
			proxyType = 1;
			remoteGlobalIDString = 17446EBC2D89EB5500F06D44;
			remoteInfo = "Metric Imperial Converter Extension (macOS)";
		};
/* End PBXContainerItemProxy section */

/* Begin PBXCopyFilesBuildPhase section */
		17446ED72D89EB5500F06D44 /* Embed Foundation Extensions */ = {
			isa = PBXCopyFilesBuildPhase;
			buildActionMask = 2147483647;
			dstPath = "";
			dstSubfolderSpec = 13;
			files = (
				17446EB42D89EB5500F06D44 /* Metric Imperial Converter Extension.appex in Embed Foundation Extensions */,
			);
			name = "Embed Foundation Extensions";
			runOnlyForDeploymentPostprocessing = 0;
		};
		17446EDE2D89EB5500F06D44 /* Embed Foundation Extensions */ = {
			isa = PBXCopyFilesBuildPhase;
			buildActionMask = 2147483647;
			dstPath = "";
			dstSubfolderSpec = 13;
			files = (
				17446EBE2D89EB5500F06D44 /* Metric Imperial Converter Extension.appex in Embed Foundation Extensions */,
			);
			name = "Embed Foundation Extensions";
			runOnlyForDeploymentPostprocessing = 0;
		};
/* End PBXCopyFilesBuildPhase section */

/* Begin PBXFileReference section */
		17446E882D89EB5400F06D44 /* Base */ = {isa = PBXFileReference; lastKnownFileType = text.html; name = Base; path = Base.lproj/Main.html; sourceTree = "<group>"; };
		17446E892D89EB5400F06D44 /* Icon.png */ = {isa = PBXFileReference; lastKnownFileType = image.png; path = Icon.png; sourceTree = "<group>"; };
		17446E8A2D89EB5400F06D44 /* Style.css */ = {isa = PBXFileReference; lastKnownFileType = text.css; path = Style.css; sourceTree = "<group>"; };
		17446E8B2D89EB5400F06D44 /* Script.js */ = {isa = PBXFileReference; lastKnownFileType = sourcecode.javascript; path = Script.js; sourceTree = "<group>"; };
		17446E8C2D89EB5400F06D44 /* ViewController.swift */ = {isa = PBXFileReference; lastKnownFileType = sourcecode.swift; path = ViewController.swift; sourceTree = "<group>"; };
		17446E8D2D89EB5500F06D44 /* Assets.xcassets */ = {isa = PBXFileReference; lastKnownFileType = folder.assetcatalog; path = Assets.xcassets; sourceTree = "<group>"; };
		17446E8F2D89EB5500F06D44 /* SafariWebExtensionHandler.swift */ = {isa = PBXFileReference; lastKnownFileType = sourcecode.swift; path = SafariWebExtensionHandler.swift; sourceTree = "<group>"; };
		17446E942D89EB5500F06D44 /* Metric Imperial Converter.app */ = {isa = PBXFileReference; explicitFileType = wrapper.application; includeInIndex = 0; path = "Metric Imperial Converter.app"; sourceTree = BUILT_PRODUCTS_DIR; };
		17446E972D89EB5500F06D44 /* AppDelegate.swift */ = {isa = PBXFileReference; lastKnownFileType = sourcecode.swift; path = AppDelegate.swift; sourceTree = "<group>"; };
		17446E992D89EB5500F06D44 /* SceneDelegate.swift */ = {isa = PBXFileReference; lastKnownFileType = sourcecode.swift; path = SceneDelegate.swift; sourceTree = "<group>"; };
		17446E9C2D89EB5500F06D44 /* Base */ = {isa = PBXFileReference; lastKnownFileType = file.storyboard; name = Base; path = Base.lproj/LaunchScreen.storyboard; sourceTree = "<group>"; };
		17446E9F2D89EB5500F06D44 /* Base */ = {isa = PBXFileReference; lastKnownFileType = file.storyboard; name = Base; path = Base.lproj/Main.storyboard; sourceTree = "<group>"; };
		17446EA12D89EB5500F06D44 /* Info.plist */ = {isa = PBXFileReference; lastKnownFileType = text.plist.xml; path = Info.plist; sourceTree = "<group>"; };
		17446EA62D89EB5500F06D44 /* Metric Imperial Converter.app */ = {isa = PBXFileReference; explicitFileType = wrapper.application; includeInIndex = 0; path = "Metric Imperial Converter.app"; sourceTree = BUILT_PRODUCTS_DIR; };
		17446EA82D89EB5500F06D44 /* AppDelegate.swift */ = {isa = PBXFileReference; lastKnownFileType = sourcecode.swift; path = AppDelegate.swift; sourceTree = "<group>"; };
		17446EAB2D89EB5500F06D44 /* Base */ = {isa = PBXFileReference; lastKnownFileType = file.storyboard; name = Base; path = Base.lproj/Main.storyboard; sourceTree = "<group>"; };
		17446EAD2D89EB5500F06D44 /* Info.plist */ = {isa = PBXFileReference; lastKnownFileType = text.plist.xml; path = Info.plist; sourceTree = "<group>"; };
		17446EAE2D89EB5500F06D44 /* Metric Imperial Converter.entitlements */ = {isa = PBXFileReference; lastKnownFileType = text.plist.entitlements; path = "Metric Imperial Converter.entitlements"; sourceTree = "<group>"; };
		17446EB32D89EB5500F06D44 /* Metric Imperial Converter Extension.appex */ = {isa = PBXFileReference; explicitFileType = "wrapper.app-extension"; includeInIndex = 0; path = "Metric Imperial Converter Extension.appex"; sourceTree = BUILT_PRODUCTS_DIR; };
		17446EB82D89EB5500F06D44 /* Info.plist */ = {isa = PBXFileReference; lastKnownFileType = text.plist.xml; path = Info.plist; sourceTree = "<group>"; };
		17446EBD2D89EB5500F06D44 /* Metric Imperial Converter Extension.appex */ = {isa = PBXFileReference; explicitFileType = "wrapper.app-extension"; includeInIndex = 0; path = "Metric Imperial Converter Extension.appex"; sourceTree = BUILT_PRODUCTS_DIR; };
		17446EC22D89EB5500F06D44 /* Info.plist */ = {isa = PBXFileReference; lastKnownFileType = text.plist.xml; path = Info.plist; sourceTree = "<group>"; };
		17446EC32D89EB5500F06D44 /* Metric Imperial Converter.entitlements */ = {isa = PBXFileReference; lastKnownFileType = text.plist.entitlements; path = "Metric Imperial Converter.entitlements"; sourceTree = "<group>"; };
		17446EE32D89EB5500F06D44 /* regex.txt */ = {isa = PBXFileReference; lastKnownFileType = text; name = regex.txt; path = ../../../regex.txt; sourceTree = "<group>"; };
		17446EE42D89EB5500F06D44 /* safari */ = {isa = PBXFileReference; lastKnownFileType = folder; name = safari; path = ../..; sourceTree = "<group>"; };
		17446EE52D89EB5500F06D44 /* icons */ = {isa = PBXFileReference; lastKnownFileType = folder; name = icons; path = ../../../icons; sourceTree = "<group>"; };
		17446EE62D89EB5500F06D44 /* manifest.json */ = {isa = PBXFileReference; lastKnownFileType = text.json; name = manifest.json; path = ../../../manifest.json; sourceTree = "<group>"; };
		17446EE72D89EB5500F06D44 /* content.js */ = {isa = PBXFileReference; lastKnownFileType = sourcecode.javascript; name = content.js; path = ../../../content.js; sourceTree = "<group>"; };
/* End PBXFileReference section */

/* Begin PBXFrameworksBuildPhase section */
		17446E912D89EB5500F06D44 /* Frameworks */ = {
			isa = PBXFrameworksBuildPhase;
			buildActionMask = 2147483647;
			files = (
			);
			runOnlyForDeploymentPostprocessing = 0;
		};
		17446EA32D89EB5500F06D44 /* Frameworks */ = {
			isa = PBXFrameworksBuildPhase;
			buildActionMask = 2147483647;
			files = (
			);
			runOnlyForDeploymentPostprocessing = 0;
		};
		17446EB02D89EB5500F06D44 /* Frameworks */ = {
			isa = PBXFrameworksBuildPhase;
			buildActionMask = 2147483647;
			files = (
			);
			runOnlyForDeploymentPostprocessing = 0;
		};
		17446EBA2D89EB5500F06D44 /* Frameworks */ = {
			isa = PBXFrameworksBuildPhase;
			buildActionMask = 2147483647;
			files = (
			);
			runOnlyForDeploymentPostprocessing = 0;
		};
/* End PBXFrameworksBuildPhase section */

/* Begin PBXGroup section */
		17446E802D89EB5400F06D44 = {
			isa = PBXGroup;
			children = (
				17446E852D89EB5400F06D44 /* Shared (App) */,
				17446E8E2D89EB5500F06D44 /* Shared (Extension) */,
				17446E962D89EB5500F06D44 /* iOS (App) */,
				17446EA72D89EB5500F06D44 /* macOS (App) */,
				17446EB72D89EB5500F06D44 /* iOS (Extension) */,
				17446EC12D89EB5500F06D44 /* macOS (Extension) */,
				17446E952D89EB5500F06D44 /* Products */,
			);
			sourceTree = "<group>";
		};
		17446E852D89EB5400F06D44 /* Shared (App) */ = {
			isa = PBXGroup;
			children = (
				17446E8C2D89EB5400F06D44 /* ViewController.swift */,
				17446E8D2D89EB5500F06D44 /* Assets.xcassets */,
				17446E862D89EB5400F06D44 /* Resources */,
			);
			path = "Shared (App)";
			sourceTree = "<group>";
		};
		17446E862D89EB5400F06D44 /* Resources */ = {
			isa = PBXGroup;
			children = (
				17446E872D89EB5400F06D44 /* Main.html */,
				17446E892D89EB5400F06D44 /* Icon.png */,
				17446E8A2D89EB5400F06D44 /* Style.css */,
				17446E8B2D89EB5400F06D44 /* Script.js */,
			);
			path = Resources;
			sourceTree = "<group>";
		};
		17446E8E2D89EB5500F06D44 /* Shared (Extension) */ = {
			isa = PBXGroup;
			children = (
				17446EE22D89EB5500F06D44 /* Resources */,
				17446E8F2D89EB5500F06D44 /* SafariWebExtensionHandler.swift */,
			);
			path = "Shared (Extension)";
			sourceTree = "<group>";
		};
		17446E952D89EB5500F06D44 /* Products */ = {
			isa = PBXGroup;
			children = (
				17446E942D89EB5500F06D44 /* Metric Imperial Converter.app */,
				17446EA62D89EB5500F06D44 /* Metric Imperial Converter.app */,
				17446EB32D89EB5500F06D44 /* Metric Imperial Converter Extension.appex */,
				17446EBD2D89EB5500F06D44 /* Metric Imperial Converter Extension.appex */,
			);
			name = Products;
			sourceTree = "<group>";
		};
		17446E962D89EB5500F06D44 /* iOS (App) */ = {
			isa = PBXGroup;
			children = (
				17446E972D89EB5500F06D44 /* AppDelegate.swift */,
				17446E992D89EB5500F06D44 /* SceneDelegate.swift */,
				17446E9B2D89EB5500F06D44 /* LaunchScreen.storyboard */,
				17446E9E2D89EB5500F06D44 /* Main.storyboard */,
				17446EA12D89EB5500F06D44 /* Info.plist */,
			);
			path = "iOS (App)";
			sourceTree = "<group>";
		};
		17446EA72D89EB5500F06D44 /* macOS (App) */ = {
			isa = PBXGroup;
			children = (
				17446EA82D89EB5500F06D44 /* AppDelegate.swift */,
				17446EAA2D89EB5500F06D44 /* Main.storyboard */,
				17446EAD2D89EB5500F06D44 /* Info.plist */,
				17446EAE2D89EB5500F06D44 /* Metric Imperial Converter.entitlements */,
			);
			path = "macOS (App)";
			sourceTree = "<group>";
		};
		17446EB72D89EB5500F06D44 /* iOS (Extension) */ = {
			isa = PBXGroup;
			children = (
				17446EB82D89EB5500F06D44 /* Info.plist */,
			);
			path = "iOS (Extension)";
			sourceTree = "<group>";
		};
		17446EC12D89EB5500F06D44 /* macOS (Extension) */ = {
			isa = PBXGroup;
			children = (
				17446EC22D89EB5500F06D44 /* Info.plist */,
				17446EC32D89EB5500F06D44 /* Metric Imperial Converter.entitlements */,
			);
			path = "macOS (Extension)";
			sourceTree = "<group>";
		};
		17446EE22D89EB5500F06D44 /* Resources */ = {
			isa = PBXGroup;
			children = (
				17446EE32D89EB5500F06D44 /* regex.txt */,
				17446EE42D89EB5500F06D44 /* safari */,
				17446EE52D89EB5500F06D44 /* icons */,
				17446EE62D89EB5500F06D44 /* manifest.json */,
				17446EE72D89EB5500F06D44 /* content.js */,
			);
			name = Resources;
			path = "Shared (Extension)";
			sourceTree = SOURCE_ROOT;
		};
/* End PBXGroup section */

/* Begin PBXNativeTarget section */
		17446E932D89EB5500F06D44 /* Metric Imperial Converter (iOS) */ = {
			isa = PBXNativeTarget;
			buildConfigurationList = 17446ED82D89EB5500F06D44 /* Build configuration list for PBXNativeTarget "Metric Imperial Converter (iOS)" */;
			buildPhases = (
				17446E902D89EB5500F06D44 /* Sources */,
				17446E912D89EB5500F06D44 /* Frameworks */,
				17446E922D89EB5500F06D44 /* Resources */,
				17446ED72D89EB5500F06D44 /* Embed Foundation Extensions */,
			);
			buildRules = (
			);
			dependencies = (
				17446EB62D89EB5500F06D44 /* PBXTargetDependency */,
			);
			name = "Metric Imperial Converter (iOS)";
			packageProductDependencies = (
			);
			productName = "Metric Imperial Converter (iOS)";
			productReference = 17446E942D89EB5500F06D44 /* Metric Imperial Converter.app */;
			productType = "com.apple.product-type.application";
		};
		17446EA52D89EB5500F06D44 /* Metric Imperial Converter (macOS) */ = {
			isa = PBXNativeTarget;
			buildConfigurationList = 17446EDF2D89EB5500F06D44 /* Build configuration list for PBXNativeTarget "Metric Imperial Converter (macOS)" */;
			buildPhases = (
				17446EA22D89EB5500F06D44 /* Sources */,
				17446EA32D89EB5500F06D44 /* Frameworks */,
				17446EA42D89EB5500F06D44 /* Resources */,
				17446EDE2D89EB5500F06D44 /* Embed Foundation Extensions */,
			);
			buildRules = (
			);
			dependencies = (
				17446EC02D89EB5500F06D44 /* PBXTargetDependency */,
			);
			name = "Metric Imperial Converter (macOS)";
			packageProductDependencies = (
			);
			productName = "Metric Imperial Converter (macOS)";
			productReference = 17446EA62D89EB5500F06D44 /* Metric Imperial Converter.app */;
			productType = "com.apple.product-type.application";
		};
		17446EB22D89EB5500F06D44 /* Metric Imperial Converter Extension (iOS) */ = {
			isa = PBXNativeTarget;
			buildConfigurationList = 17446ED42D89EB5500F06D44 /* Build configuration list for PBXNativeTarget "Metric Imperial Converter Extension (iOS)" */;
			buildPhases = (
				17446EAF2D89EB5500F06D44 /* Sources */,
				17446EB02D89EB5500F06D44 /* Frameworks */,
				17446EB12D89EB5500F06D44 /* Resources */,
			);
			buildRules = (
			);
			dependencies = (
			);
			name = "Metric Imperial Converter Extension (iOS)";
			packageProductDependencies = (
			);
			productName = "Metric Imperial Converter Extension (iOS)";
			productReference = 17446EB32D89EB5500F06D44 /* Metric Imperial Converter Extension.appex */;
			productType = "com.apple.product-type.app-extension";
		};
		17446EBC2D89EB5500F06D44 /* Metric Imperial Converter Extension (macOS) */ = {
			isa = PBXNativeTarget;
			buildConfigurationList = 17446EDB2D89EB5500F06D44 /* Build configuration list for PBXNativeTarget "Metric Imperial Converter Extension (macOS)" */;
			buildPhases = (
				17446EB92D89EB5500F06D44 /* Sources */,
				17446EBA2D89EB5500F06D44 /* Frameworks */,
				17446EBB2D89EB5500F06D44 /* Resources */,
			);
			buildRules = (
			);
			dependencies = (
			);
			name = "Metric Imperial Converter Extension (macOS)";
			packageProductDependencies = (
			);
			productName = "Metric Imperial Converter Extension (macOS)";
			productReference = 17446EBD2D89EB5500F06D44 /* Metric Imperial Converter Extension.appex */;
			productType = "com.apple.product-type.app-extension";
		};
/* End PBXNativeTarget section */

/* Begin PBXProject section */
		17446E812D89EB5400F06D44 /* Project object */ = {
			isa = PBXProject;
			attributes = {
				BuildIndependentTargetsInParallel = 1;
				LastSwiftUpdateCheck = 1620;
				LastUpgradeCheck = 1620;
				TargetAttributes = {
					17446E932D89EB5500F06D44 = {
						CreatedOnToolsVersion = 16.2;
					};
					17446EA52D89EB5500F06D44 = {
						CreatedOnToolsVersion = 16.2;
					};
					17446EB22D89EB5500F06D44 = {
						CreatedOnToolsVersion = 16.2;
					};
					17446EBC2D89EB5500F06D44 = {
						CreatedOnToolsVersion = 16.2;
					};
				};
			};
			buildConfigurationList = 17446E842D89EB5400F06D44 /* Build configuration list for PBXProject "Metric Imperial Converter" */;
			developmentRegion = en;
			hasScannedForEncodings = 0;
			knownRegions = (
				en,
				Base,
			);
			mainGroup = 17446E802D89EB5400F06D44;
			minimizedProjectReferenceProxies = 1;
			preferredProjectObjectVersion = 77;
			productRefGroup = 17446E952D89EB5500F06D44 /* Products */;
			projectDirPath = "";
			projectRoot = "";
			targets = (
				17446E932D89EB5500F06D44 /* Metric Imperial Converter (iOS) */,
				17446EA52D89EB5500F06D44 /* Metric Imperial Converter (macOS) */,
				17446EB22D89EB5500F06D44 /* Metric Imperial Converter Extension (iOS) */,
				17446EBC2D89EB5500F06D44 /* Metric Imperial Converter Extension (macOS) */,
			);
		};
/* End PBXProject section */

/* Begin PBXResourcesBuildPhase section */
		17446E922D89EB5500F06D44 /* Resources */ = {
			isa = PBXResourcesBuildPhase;
			buildActionMask = 2147483647;
			files = (
				17446EC62D89EB5500F06D44 /* Icon.png in Resources */,
				17446E9D2D89EB5500F06D44 /* LaunchScreen.storyboard in Resources */,
				17446EC42D89EB5500F06D44 /* Main.html in Resources */,
				17446ECA2D89EB5500F06D44 /* Script.js in Resources */,
				17446ECE2D89EB5500F06D44 /* Assets.xcassets in Resources */,
				17446EA02D89EB5500F06D44 /* Main.storyboard in Resources */,
				17446EC82D89EB5500F06D44 /* Style.css in Resources */,
			);
			runOnlyForDeploymentPostprocessing = 0;
		};
		17446EA42D89EB5500F06D44 /* Resources */ = {
			isa = PBXResourcesBuildPhase;
			buildActionMask = 2147483647;
			files = (
				17446EC72D89EB5500F06D44 /* Icon.png in Resources */,
				17446EC92D89EB5500F06D44 /* Style.css in Resources */,
				17446EAC2D89EB5500F06D44 /* Main.storyboard in Resources */,
				17446ECB2D89EB5500F06D44 /* Script.js in Resources */,
				17446ECF2D89EB5500F06D44 /* Assets.xcassets in Resources */,
				17446EC52D89EB5500F06D44 /* Main.html in Resources */,
			);
			runOnlyForDeploymentPostprocessing = 0;
		};
		17446EB12D89EB5500F06D44 /* Resources */ = {
			isa = PBXResourcesBuildPhase;
			buildActionMask = 2147483647;
			files = (
				17446EF02D89EB5500F06D44 /* manifest.json in Resources */,
				17446EEF2D89EB5500F06D44 /* icons in Resources */,
				17446EEE2D89EB5500F06D44 /* safari in Resources */,
				17446EED2D89EB5500F06D44 /* regex.txt in Resources */,
				17446EF12D89EB5500F06D44 /* content.js in Resources */,
			);
			runOnlyForDeploymentPostprocessing = 0;
		};
		17446EBB2D89EB5500F06D44 /* Resources */ = {
			isa = PBXResourcesBuildPhase;
			buildActionMask = 2147483647;
			files = (
				17446EEB2D89EB5500F06D44 /* manifest.json in Resources */,
				17446EEA2D89EB5500F06D44 /* icons in Resources */,
				17446EE92D89EB5500F06D44 /* safari in Resources */,
				17446EE82D89EB5500F06D44 /* regex.txt in Resources */,
				17446EEC2D89EB5500F06D44 /* content.js in Resources */,
			);
			runOnlyForDeploymentPostprocessing = 0;
		};
/* End PBXResourcesBuildPhase section */

/* Begin PBXSourcesBuildPhase section */
		17446E902D89EB5500F06D44 /* Sources */ = {
			isa = PBXSourcesBuildPhase;
			buildActionMask = 2147483647;
			files = (
				17446ECC2D89EB5500F06D44 /* ViewController.swift in Sources */,
				17446E982D89EB5500F06D44 /* AppDelegate.swift in Sources */,
				17446E9A2D89EB5500F06D44 /* SceneDelegate.swift in Sources */,
			);
			runOnlyForDeploymentPostprocessing = 0;
		};
		17446EA22D89EB5500F06D44 /* Sources */ = {
			isa = PBXSourcesBuildPhase;
			buildActionMask = 2147483647;
			files = (
				17446ECD2D89EB5500F06D44 /* ViewController.swift in Sources */,
				17446EA92D89EB5500F06D44 /* AppDelegate.swift in Sources */,
			);
			runOnlyForDeploymentPostprocessing = 0;
		};
		17446EAF2D89EB5500F06D44 /* Sources */ = {
			isa = PBXSourcesBuildPhase;
			buildActionMask = 2147483647;
			files = (
				17446ED02D89EB5500F06D44 /* SafariWebExtensionHandler.swift in Sources */,
			);
			runOnlyForDeploymentPostprocessing = 0;
		};
		17446EB92D89EB5500F06D44 /* Sources */ = {
			isa = PBXSourcesBuildPhase;
			buildActionMask = 2147483647;
			files = (
				17446ED12D89EB5500F06D44 /* SafariWebExtensionHandler.swift in Sources */,
			);
			runOnlyForDeploymentPostprocessing = 0;
		};
/* End PBXSourcesBuildPhase section */

/* Begin PBXTargetDependency section */
		17446EB62D89EB5500F06D44 /* PBXTargetDependency */ = {
			isa = PBXTargetDependency;
			target = 17446EB22D89EB5500F06D44 /* Metric Imperial Converter Extension (iOS) */;
			targetProxy = 17446EB52D89EB5500F06D44 /* PBXContainerItemProxy */;
		};
		17446EC02D89EB5500F06D44 /* PBXTargetDependency */ = {
			isa = PBXTargetDependency;
			target = 17446EBC2D89EB5500F06D44 /* Metric Imperial Converter Extension (macOS) */;
			targetProxy = 17446EBF2D89EB5500F06D44 /* PBXContainerItemProxy */;
		};
/* End PBXTargetDependency section */

/* Begin PBXVariantGroup section */
		17446E872D89EB5400F06D44 /* Main.html */ = {
			isa = PBXVariantGroup;
			children = (
				17446E882D89EB5400F06D44 /* Base */,
			);
			name = Main.html;
			sourceTree = "<group>";
		};
		17446E9B2D89EB5500F06D44 /* LaunchScreen.storyboard */ = {
			isa = PBXVariantGroup;
			children = (
				17446E9C2D89EB5500F06D44 /* Base */,
			);
			name = LaunchScreen.storyboard;
			sourceTree = "<group>";
		};
		17446E9E2D89EB5500F06D44 /* Main.storyboard */ = {
			isa = PBXVariantGroup;
			children = (
				17446E9F2D89EB5500F06D44 /* Base */,
			);
			name = Main.storyboard;
			sourceTree = "<group>";
		};
		17446EAA2D89EB5500F06D44 /* Main.storyboard */ = {
			isa = PBXVariantGroup;
			children = (
				17446EAB2D89EB5500F06D44 /* Base */,
			);
			name = Main.storyboard;
			sourceTree = "<group>";
		};
/* End PBXVariantGroup section */

/* Begin XCBuildConfiguration section */
		17446ED22D89EB5500F06D44 /* Debug */ = {
			isa = XCBuildConfiguration;
			buildSettings = {
				ALWAYS_SEARCH_USER_PATHS = NO;
				ASSETCATALOG_COMPILER_GENERATE_SWIFT_ASSET_SYMBOL_EXTENSIONS = YES;
				CLANG_ANALYZER_NONNULL = YES;
				CLANG_ANALYZER_NUMBER_OBJECT_CONVERSION = YES_AGGRESSIVE;
				CLANG_CXX_LANGUAGE_STANDARD = "gnu++20";
				CLANG_ENABLE_MODULES = YES;
				CLANG_ENABLE_OBJC_ARC = YES;
				CLANG_ENABLE_OBJC_WEAK = YES;
				CLANG_WARN_BLOCK_CAPTURE_AUTORELEASING = YES;
				CLANG_WARN_BOOL_CONVERSION = YES;
				CLANG_WARN_COMMA = YES;
				CLANG_WARN_CONSTANT_CONVERSION = YES;
				CLANG_WARN_DEPRECATED_OBJC_IMPLEMENTATIONS = YES;
				CLANG_WARN_DIRECT_OBJC_ISA_USAGE = YES_ERROR;
				CLANG_WARN_DOCUMENTATION_COMMENTS = YES;
				CLANG_WARN_EMPTY_BODY = YES;
				CLANG_WARN_ENUM_CONVERSION = YES;
				CLANG_WARN_INFINITE_RECURSION = YES;
				CLANG_WARN_INT_CONVERSION = YES;
				CLANG_WARN_NON_LITERAL_NULL_CONVERSION = YES;
				CLANG_WARN_OBJC_IMPLICIT_RETAIN_SELF = YES;
				CLANG_WARN_OBJC_LITERAL_CONVERSION = YES;
				CLANG_WARN_OBJC_ROOT_CLASS = YES_ERROR;
				CLANG_WARN_QUOTED_INCLUDE_IN_FRAMEWORK_HEADER = YES;
				CLANG_WARN_RANGE_LOOP_ANALYSIS = YES;
				CLANG_WARN_STRICT_PROTOTYPES = YES;
				CLANG_WARN_SUSPICIOUS_MOVE = YES;
				CLANG_WARN_UNGUARDED_AVAILABILITY = YES_AGGRESSIVE;
				CLANG_WARN_UNREACHABLE_CODE = YES;
				CLANG_WARN__DUPLICATE_METHOD_MATCH = YES;
				COPY_PHASE_STRIP = NO;
				DEBUG_INFORMATION_FORMAT = dwarf;
				ENABLE_STRICT_OBJC_MSGSEND = YES;
				ENABLE_TESTABILITY = YES;
				ENABLE_USER_SCRIPT_SANDBOXING = YES;
				GCC_C_LANGUAGE_STANDARD = gnu17;
				GCC_DYNAMIC_NO_PIC = NO;
				GCC_NO_COMMON_BLOCKS = YES;
				GCC_OPTIMIZATION_LEVEL = 0;
				GCC_PREPROCESSOR_DEFINITIONS = (
					"DEBUG=1",
					"$(inherited)",
				);
				GCC_WARN_64_TO_32_BIT_CONVERSION = YES;
				GCC_WARN_ABOUT_RETURN_TYPE = YES_ERROR;
				GCC_WARN_UNDECLARED_SELECTOR = YES;
				GCC_WARN_UNINITIALIZED_AUTOS = YES_AGGRESSIVE;
				GCC_WARN_UNUSED_FUNCTION = YES;
				GCC_WARN_UNUSED_VARIABLE = YES;
				LOCALIZATION_PREFERS_STRING_CATALOGS = YES;
				MTL_ENABLE_DEBUG_INFO = INCLUDE_SOURCE;
				MTL_FAST_MATH = YES;
				ONLY_ACTIVE_ARCH = YES;
				SWIFT_ACTIVE_COMPILATION_CONDITIONS = "DEBUG $(inherited)";
				SWIFT_OPTIMIZATION_LEVEL = "-Onone";
			};
			name = Debug;
		};
		17446ED32D89EB5500F06D44 /* Release */ = {
			isa = XCBuildConfiguration;
			buildSettings = {
				ALWAYS_SEARCH_USER_PATHS = NO;
				ASSETCATALOG_COMPILER_GENERATE_SWIFT_ASSET_SYMBOL_EXTENSIONS = YES;
				CLANG_ANALYZER_NONNULL = YES;
				CLANG_ANALYZER_NUMBER_OBJECT_CONVERSION = YES_AGGRESSIVE;
				CLANG_CXX_LANGUAGE_STANDARD = "gnu++20";
				CLANG_ENABLE_MODULES = YES;
				CLANG_ENABLE_OBJC_ARC = YES;
				CLANG_ENABLE_OBJC_WEAK = YES;
				CLANG_WARN_BLOCK_CAPTURE_AUTORELEASING = YES;
				CLANG_WARN_BOOL_CONVERSION = YES;
				CLANG_WARN_COMMA = YES;
				CLANG_WARN_CONSTANT_CONVERSION = YES;
				CLANG_WARN_DEPRECATED_OBJC_IMPLEMENTATIONS = YES;
				CLANG_WARN_DIRECT_OBJC_ISA_USAGE = YES_ERROR;
				CLANG_WARN_DOCUMENTATION_COMMENTS = YES;
				CLANG_WARN_EMPTY_BODY = YES;
				CLANG_WARN_ENUM_CONVERSION = YES;
				CLANG_WARN_INFINITE_RECURSION = YES;
				CLANG_WARN_INT_CONVERSION = YES;
				CLANG_WARN_NON_LITERAL_NULL_CONVERSION = YES;
				CLANG_WARN_OBJC_IMPLICIT_RETAIN_SELF = YES;
				CLANG_WARN_OBJC_LITERAL_CONVERSION = YES;
				CLANG_WARN_OBJC_ROOT_CLASS = YES_ERROR;
				CLANG_WARN_QUOTED_INCLUDE_IN_FRAMEWORK_HEADER = YES;
				CLANG_WARN_RANGE_LOOP_ANALYSIS = YES;
				CLANG_WARN_STRICT_PROTOTYPES = YES;
				CLANG_WARN_SUSPICIOUS_MOVE = YES;
				CLANG_WARN_UNGUARDED_AVAILABILITY = YES_AGGRESSIVE;
				CLANG_WARN_UNREACHABLE_CODE = YES;
				CLANG_WARN__DUPLICATE_METHOD_MATCH = YES;
				COPY_PHASE_STRIP = NO;
				DEBUG_INFORMATION_FORMAT = "dwarf-with-dsym";
				ENABLE_NS_ASSERTIONS = NO;
				ENABLE_STRICT_OBJC_MSGSEND = YES;
				ENABLE_USER_SCRIPT_SANDBOXING = YES;
				GCC_C_LANGUAGE_STANDARD = gnu17;
				GCC_NO_COMMON_BLOCKS = YES;
				GCC_WARN_64_TO_32_BIT_CONVERSION = YES;
				GCC_WARN_ABOUT_RETURN_TYPE = YES_ERROR;
				GCC_WARN_UNDECLARED_SELECTOR = YES;
				GCC_WARN_UNINITIALIZED_AUTOS = YES_AGGRESSIVE;
				GCC_WARN_UNUSED_FUNCTION = YES;
				GCC_WARN_UNUSED_VARIABLE = YES;
				LOCALIZATION_PREFERS_STRING_CATALOGS = YES;
				MTL_ENABLE_DEBUG_INFO = NO;
				MTL_FAST_MATH = YES;
				SWIFT_COMPILATION_MODE = wholemodule;
			};
			name = Release;
		};
		17446ED52D89EB5500F06D44 /* Debug */ = {
			isa = XCBuildConfiguration;
			buildSettings = {
				CODE_SIGN_STYLE = Automatic;
				CURRENT_PROJECT_VERSION = 1;
				DEVELOPMENT_TEAM = TUAV6GL6TG;
				GENERATE_INFOPLIST_FILE = YES;
				INFOPLIST_FILE = "iOS (Extension)/Info.plist";
				INFOPLIST_KEY_CFBundleDisplayName = "Metric Imperial Converter Extension";
				INFOPLIST_KEY_NSHumanReadableCopyright = "";
				IPHONEOS_DEPLOYMENT_TARGET = 15.0;
				LD_RUNPATH_SEARCH_PATHS = (
					"$(inherited)",
					"@executable_path/Frameworks",
					"@executable_path/../../Frameworks",
				);
				MARKETING_VERSION = 1.0;
				OTHER_LDFLAGS = (
					"-framework",
					SafariServices,
				);
				PRODUCT_BUNDLE_IDENTIFIER = "com.philippberner.Metric-Imperial-Converter.Extension";
				PRODUCT_NAME = "Metric Imperial Converter Extension";
				SDKROOT = iphoneos;
				SKIP_INSTALL = YES;
				SWIFT_EMIT_LOC_STRINGS = YES;
				SWIFT_VERSION = 5.0;
				TARGETED_DEVICE_FAMILY = "1,2";
			};
			name = Debug;
		};
		17446ED62D89EB5500F06D44 /* Release */ = {
			isa = XCBuildConfiguration;
			buildSettings = {
				CODE_SIGN_STYLE = Automatic;
				CURRENT_PROJECT_VERSION = 1;
				DEVELOPMENT_TEAM = TUAV6GL6TG;
				GENERATE_INFOPLIST_FILE = YES;
				INFOPLIST_FILE = "iOS (Extension)/Info.plist";
				INFOPLIST_KEY_CFBundleDisplayName = "Metric Imperial Converter Extension";
				INFOPLIST_KEY_NSHumanReadableCopyright = "";
				IPHONEOS_DEPLOYMENT_TARGET = 15.0;
				LD_RUNPATH_SEARCH_PATHS = (
					"$(inherited)",
					"@executable_path/Frameworks",
					"@executable_path/../../Frameworks",
				);
				MARKETING_VERSION = 1.0;
				OTHER_LDFLAGS = (
					"-framework",
					SafariServices,
				);
				PRODUCT_BUNDLE_IDENTIFIER = "com.philippberner.Metric-Imperial-Converter.Extension";
				PRODUCT_NAME = "Metric Imperial Converter Extension";
				SDKROOT = iphoneos;
				SKIP_INSTALL = YES;
				SWIFT_EMIT_LOC_STRINGS = YES;
				SWIFT_VERSION = 5.0;
				TARGETED_DEVICE_FAMILY = "1,2";
				VALIDATE_PRODUCT = YES;
			};
			name = Release;
		};
		17446ED92D89EB5500F06D44 /* Debug */ = {
			isa = XCBuildConfiguration;
			buildSettings = {
				ASSETCATALOG_COMPILER_APPICON_NAME = AppIcon;
				ASSETCATALOG_COMPILER_GLOBAL_ACCENT_COLOR_NAME = AccentColor;
				CODE_SIGN_STYLE = Automatic;
				CURRENT_PROJECT_VERSION = 1;
				DEVELOPMENT_TEAM = TUAV6GL6TG;
				GENERATE_INFOPLIST_FILE = YES;
				INFOPLIST_FILE = "iOS (App)/Info.plist";
				INFOPLIST_KEY_CFBundleDisplayName = "Metric Imperial Converter";
				INFOPLIST_KEY_UIApplicationSupportsIndirectInputEvents = YES;
				INFOPLIST_KEY_UILaunchStoryboardName = LaunchScreen;
				INFOPLIST_KEY_UIMainStoryboardFile = Main;
				INFOPLIST_KEY_UISupportedInterfaceOrientations = "UIInterfaceOrientationPortrait UIInterfaceOrientationLandscapeLeft UIInterfaceOrientationLandscapeRight";
				INFOPLIST_KEY_UISupportedInterfaceOrientations_iPad = "UIInterfaceOrientationPortrait UIInterfaceOrientationPortraitUpsideDown UIInterfaceOrientationLandscapeLeft UIInterfaceOrientationLandscapeRight";
				IPHONEOS_DEPLOYMENT_TARGET = 15.0;
				LD_RUNPATH_SEARCH_PATHS = (
					"$(inherited)",
					"@executable_path/Frameworks",
				);
				MARKETING_VERSION = 1.0;
				OTHER_LDFLAGS = (
					"-framework",
					SafariServices,
					"-framework",
					WebKit,
				);
				PRODUCT_BUNDLE_IDENTIFIER = "com.philippberner.Metric-Imperial-Converter";
				PRODUCT_NAME = "Metric Imperial Converter";
				SDKROOT = iphoneos;
				SWIFT_EMIT_LOC_STRINGS = YES;
				SWIFT_VERSION = 5.0;
				TARGETED_DEVICE_FAMILY = "1,2";
			};
			name = Debug;
		};
		17446EDA2D89EB5500F06D44 /* Release */ = {
			isa = XCBuildConfiguration;
			buildSettings = {
				ASSETCATALOG_COMPILER_APPICON_NAME = AppIcon;
				ASSETCATALOG_COMPILER_GLOBAL_ACCENT_COLOR_NAME = AccentColor;
				CODE_SIGN_STYLE = Automatic;
				CURRENT_PROJECT_VERSION = 1;
				DEVELOPMENT_TEAM = TUAV6GL6TG;
				GENERATE_INFOPLIST_FILE = YES;
				INFOPLIST_FILE = "iOS (App)/Info.plist";
				INFOPLIST_KEY_CFBundleDisplayName = "Metric Imperial Converter";
				INFOPLIST_KEY_UIApplicationSupportsIndirectInputEvents = YES;
				INFOPLIST_KEY_UILaunchStoryboardName = LaunchScreen;
				INFOPLIST_KEY_UIMainStoryboardFile = Main;
				INFOPLIST_KEY_UISupportedInterfaceOrientations = "UIInterfaceOrientationPortrait UIInterfaceOrientationLandscapeLeft UIInterfaceOrientationLandscapeRight";
				INFOPLIST_KEY_UISupportedInterfaceOrientations_iPad = "UIInterfaceOrientationPortrait UIInterfaceOrientationPortraitUpsideDown UIInterfaceOrientationLandscapeLeft UIInterfaceOrientationLandscapeRight";
				IPHONEOS_DEPLOYMENT_TARGET = 15.0;
				LD_RUNPATH_SEARCH_PATHS = (
					"$(inherited)",
					"@executable_path/Frameworks",
				);
				MARKETING_VERSION = 1.0;
				OTHER_LDFLAGS = (
					"-framework",
					SafariServices,
					"-framework",
					WebKit,
				);
				PRODUCT_BUNDLE_IDENTIFIER = "com.philippberner.Metric-Imperial-Converter";
				PRODUCT_NAME = "Metric Imperial Converter";
				SDKROOT = iphoneos;
				SWIFT_EMIT_LOC_STRINGS = YES;
				SWIFT_VERSION = 5.0;
				TARGETED_DEVICE_FAMILY = "1,2";
				VALIDATE_PRODUCT = YES;
			};
			name = Release;
		};
		17446EDC2D89EB5500F06D44 /* Debug */ = {
			isa = XCBuildConfiguration;
			buildSettings = {
				CODE_SIGN_ENTITLEMENTS = "macOS (Extension)/Metric Imperial Converter.entitlements";
				CODE_SIGN_STYLE = Automatic;
				CURRENT_PROJECT_VERSION = 1;
				DEVELOPMENT_TEAM = TUAV6GL6TG;
				ENABLE_HARDENED_RUNTIME = YES;
				GENERATE_INFOPLIST_FILE = YES;
				INFOPLIST_FILE = "macOS (Extension)/Info.plist";
				INFOPLIST_KEY_CFBundleDisplayName = "Metric Imperial Converter Extension";
				INFOPLIST_KEY_NSHumanReadableCopyright = "";
				LD_RUNPATH_SEARCH_PATHS = (
					"$(inherited)",
					"@executable_path/../Frameworks",
					"@executable_path/../../../../Frameworks",
				);
				MACOSX_DEPLOYMENT_TARGET = 10.14;
				MARKETING_VERSION = 1.0;
				OTHER_LDFLAGS = (
					"-framework",
					SafariServices,
				);
				PRODUCT_BUNDLE_IDENTIFIER = "com.philippberner.Metric-Imperial-Converter.Extension";
				PRODUCT_NAME = "Metric Imperial Converter Extension";
				SDKROOT = macosx;
				SKIP_INSTALL = YES;
				SWIFT_EMIT_LOC_STRINGS = YES;
				SWIFT_VERSION = 5.0;
			};
			name = Debug;
		};
		17446EDD2D89EB5500F06D44 /* Release */ = {
			isa = XCBuildConfiguration;
			buildSettings = {
				CODE_SIGN_ENTITLEMENTS = "macOS (Extension)/Metric Imperial Converter.entitlements";
				CODE_SIGN_STYLE = Automatic;
				CURRENT_PROJECT_VERSION = 1;
				DEVELOPMENT_TEAM = TUAV6GL6TG;
				ENABLE_HARDENED_RUNTIME = YES;
				GENERATE_INFOPLIST_FILE = YES;
				INFOPLIST_FILE = "macOS (Extension)/Info.plist";
				INFOPLIST_KEY_CFBundleDisplayName = "Metric Imperial Converter Extension";
				INFOPLIST_KEY_NSHumanReadableCopyright = "";
				LD_RUNPATH_SEARCH_PATHS = (
					"$(inherited)",
					"@executable_path/../Frameworks",
					"@executable_path/../../../../Frameworks",
				);
				MACOSX_DEPLOYMENT_TARGET = 10.14;
				MARKETING_VERSION = 1.0;
				OTHER_LDFLAGS = (
					"-framework",
					SafariServices,
				);
				PRODUCT_BUNDLE_IDENTIFIER = "com.philippberner.Metric-Imperial-Converter.Extension";
				PRODUCT_NAME = "Metric Imperial Converter Extension";
				SDKROOT = macosx;
				SKIP_INSTALL = YES;
				SWIFT_EMIT_LOC_STRINGS = YES;
				SWIFT_VERSION = 5.0;
			};
			name = Release;
		};
		17446EE02D89EB5500F06D44 /* Debug */ = {
			isa = XCBuildConfiguration;
			buildSettings = {
				ASSETCATALOG_COMPILER_APPICON_NAME = AppIcon;
				ASSETCATALOG_COMPILER_GLOBAL_ACCENT_COLOR_NAME = AccentColor;
				CODE_SIGN_ENTITLEMENTS = "macOS (App)/Metric Imperial Converter.entitlements";
				CODE_SIGN_STYLE = Automatic;
				CURRENT_PROJECT_VERSION = 1;
				DEVELOPMENT_TEAM = TUAV6GL6TG;
				ENABLE_HARDENED_RUNTIME = YES;
				GENERATE_INFOPLIST_FILE = YES;
				INFOPLIST_FILE = "macOS (App)/Info.plist";
				INFOPLIST_KEY_CFBundleDisplayName = "Metric Imperial Converter";
				INFOPLIST_KEY_LSApplicationCategoryType = "public.app-category.utilities";
				INFOPLIST_KEY_NSMainStoryboardFile = Main;
				INFOPLIST_KEY_NSPrincipalClass = NSApplication;
				LD_RUNPATH_SEARCH_PATHS = (
					"$(inherited)",
					"@executable_path/../Frameworks",
				);
				MACOSX_DEPLOYMENT_TARGET = 10.14;
				MARKETING_VERSION = 1.0;
				OTHER_LDFLAGS = (
					"-framework",
					SafariServices,
					"-framework",
					WebKit,
				);
				PRODUCT_BUNDLE_IDENTIFIER = "com.philippberner.Metric-Imperial-Converter";
				PRODUCT_NAME = "Metric Imperial Converter";
				SDKROOT = macosx;
				SWIFT_EMIT_LOC_STRINGS = YES;
				SWIFT_VERSION = 5.0;
			};
			name = Debug;
		};
		17446EE12D89EB5500F06D44 /* Release */ = {
			isa = XCBuildConfiguration;
			buildSettings = {
				ASSETCATALOG_COMPILER_APPICON_NAME = AppIcon;
				ASSETCATALOG_COMPILER_GLOBAL_ACCENT_COLOR_NAME = AccentColor;
				CODE_SIGN_ENTITLEMENTS = "macOS (App)/Metric Imperial Converter.entitlements";
				CODE_SIGN_STYLE = Automatic;
				CURRENT_PROJECT_VERSION = 1;
				DEVELOPMENT_TEAM = TUAV6GL6TG;
				ENABLE_HARDENED_RUNTIME = YES;
				GENERATE_INFOPLIST_FILE = YES;
				INFOPLIST_FILE = "macOS (App)/Info.plist";
				INFOPLIST_KEY_CFBundleDisplayName = "Metric Imperial Converter";
				INFOPLIST_KEY_LSApplicationCategoryType = "public.app-category.utilities";
				INFOPLIST_KEY_NSMainStoryboardFile = Main;
				INFOPLIST_KEY_NSPrincipalClass = NSApplication;
				LD_RUNPATH_SEARCH_PATHS = (
					"$(inherited)",
					"@executable_path/../Frameworks",
				);
				MACOSX_DEPLOYMENT_TARGET = 10.14;
				MARKETING_VERSION = 1.0;
				OTHER_LDFLAGS = (
					"-framework",
					SafariServices,
					"-framework",
					WebKit,
				);
				PRODUCT_BUNDLE_IDENTIFIER = "com.philippberner.Metric-Imperial-Converter";
				PRODUCT_NAME = "Metric Imperial Converter";
				SDKROOT = macosx;
				SWIFT_EMIT_LOC_STRINGS = YES;
				SWIFT_VERSION = 5.0;
			};
			name = Release;
		};
/* End XCBuildConfiguration section */

/* Begin XCConfigurationList section */
		17446E842D89EB5400F06D44 /* Build configuration list for PBXProject "Metric Imperial Converter" */ = {
			isa = XCConfigurationList;
			buildConfigurations = (
				17446ED22D89EB5500F06D44 /* Debug */,
				17446ED32D89EB5500F06D44 /* Release */,
			);
			defaultConfigurationIsVisible = 0;
			defaultConfigurationName = Release;
		};
		17446ED42D89EB5500F06D44 /* Build configuration list for PBXNativeTarget "Metric Imperial Converter Extension (iOS)" */ = {
			isa = XCConfigurationList;
			buildConfigurations = (
				17446ED52D89EB5500F06D44 /* Debug */,
				17446ED62D89EB5500F06D44 /* Release */,
			);
			defaultConfigurationIsVisible = 0;
			defaultConfigurationName = Release;
		};
		17446ED82D89EB5500F06D44 /* Build configuration list for PBXNativeTarget "Metric Imperial Converter (iOS)" */ = {
			isa = XCConfigurationList;
			buildConfigurations = (
				17446ED92D89EB5500F06D44 /* Debug */,
				17446EDA2D89EB5500F06D44 /* Release */,
			);
			defaultConfigurationIsVisible = 0;
			defaultConfigurationName = Release;
		};
		17446EDB2D89EB5500F06D44 /* Build configuration list for PBXNativeTarget "Metric Imperial Converter Extension (macOS)" */ = {
			isa = XCConfigurationList;
			buildConfigurations = (
				17446EDC2D89EB5500F06D44 /* Debug */,
				17446EDD2D89EB5500F06D44 /* Release */,
			);
			defaultConfigurationIsVisible = 0;
			defaultConfigurationName = Release;
		};
		17446EDF2D89EB5500F06D44 /* Build configuration list for PBXNativeTarget "Metric Imperial Converter (macOS)" */ = {
			isa = XCConfigurationList;
			buildConfigurations = (
				17446EE02D89EB5500F06D44 /* Debug */,
				17446EE12D89EB5500F06D44 /* Release */,
			);
			defaultConfigurationIsVisible = 0;
			defaultConfigurationName = Release;
		};
/* End XCConfigurationList section */
	};
	rootObject = 17446E812D89EB5400F06D44 /* Project object */;
}
